
Microsoft Visual Studio Solution File, Format Version 11.00
# Visual Studio 2010
Project("{FAE04EC0-301F-11D3-BF4B-00C04F79EFBC}") = "UnityEngine.UI", "UnityEngine.UI.csproj", "{a5fa3aca-9bcd-f412-d6fc-a21a8921076a}"
EndProject
Project("{FAE04EC0-301F-11D3-BF4B-00C04F79EFBC}") = "Assembly-CSharp", "Assembly-CSharp.csproj", "{87d5cf07-a905-868d-f6e4-f9bdc4e42c49}"
EndProject
Project("{FAE04EC0-301F-11D3-BF4B-00C04F79EFBC}") = "Boxophobic.Utils.Scripts", "Boxophobic.Utils.Scripts.csproj", "{5ea0148a-7c7d-1039-ef65-7a57518f9143}"
EndProject
Project("{FAE04EC0-301F-11D3-BF4B-00C04F79EFBC}") = "UnityEditor.UI", "UnityEditor.UI.csproj", "{5858732b-5908-ac37-3066-c87670a90d7f}"
EndProject
Project("{FAE04EC0-301F-11D3-BF4B-00C04F79EFBC}") = "Boxophobic.Utils.Editor", "Boxophobic.Utils.Editor.csproj", "{3736df30-5883-6525-0b05-105b3a875c91}"
EndProject
Project("{FAE04EC0-301F-11D3-BF4B-00C04F79EFBC}") = "Boxophobic.SkyboxCubemapExtended.Editor", "Boxophobic.SkyboxCubemapExtended.Editor.csproj", "{ca013a3c-e0ed-3a6e-2066-70710ed1e684}"
EndProject
Global
	GlobalSection(SolutionConfigurationPlatforms) = preSolution
		Debug|Any CPU = Debug|Any CPU
	EndGlobalSection
	GlobalSection(ProjectConfigurationPlatforms) = postSolution
		{a5fa3aca-9bcd-f412-d6fc-a21a8921076a}.Debug|Any CPU.ActiveCfg = Debug|Any CPU
		{a5fa3aca-9bcd-f412-d6fc-a21a8921076a}.Debug|Any CPU.Build.0 = Debug|Any CPU
		{87d5cf07-a905-868d-f6e4-f9bdc4e42c49}.Debug|Any CPU.ActiveCfg = Debug|Any CPU
		{87d5cf07-a905-868d-f6e4-f9bdc4e42c49}.Debug|Any CPU.Build.0 = Debug|Any CPU
		{5ea0148a-7c7d-1039-ef65-7a57518f9143}.Debug|Any CPU.ActiveCfg = Debug|Any CPU
		{5ea0148a-7c7d-1039-ef65-7a57518f9143}.Debug|Any CPU.Build.0 = Debug|Any CPU
		{5858732b-5908-ac37-3066-c87670a90d7f}.Debug|Any CPU.ActiveCfg = Debug|Any CPU
		{5858732b-5908-ac37-3066-c87670a90d7f}.Debug|Any CPU.Build.0 = Debug|Any CPU
		{3736df30-5883-6525-0b05-105b3a875c91}.Debug|Any CPU.ActiveCfg = Debug|Any CPU
		{3736df30-5883-6525-0b05-105b3a875c91}.Debug|Any CPU.Build.0 = Debug|Any CPU
		{ca013a3c-e0ed-3a6e-2066-70710ed1e684}.Debug|Any CPU.ActiveCfg = Debug|Any CPU
		{ca013a3c-e0ed-3a6e-2066-70710ed1e684}.Debug|Any CPU.Build.0 = Debug|Any CPU
	EndGlobalSection
	GlobalSection(SolutionProperties) = preSolution
		HideSolutionNode = FALSE
	EndGlobalSection
EndGlobal
